// !$*UTF8*$!
{
	archiveVersion = 1;
	classes = {
	};
	objectVersion = 56;
	objects = {

/* Begin PBXBuildFile section */
		750E00422AAEF80800738CA8 /* ScrumdingerApp.swift in Sources */ = {isa = PBXBuildFile; fileRef = 750E00412AAEF80800738CA8 /* ScrumdingerApp.swift */; };
		750E00442AAEF80800738CA8 /* MeetingView.swift in Sources */ = {isa = PBXBuildFile; fileRef = 750E00432AAEF80800738CA8 /* MeetingView.swift */; };
		750E00462AAEF80900738CA8 /* Assets.xcassets in Resources */ = {isa = PBXBuildFile; fileRef = 750E00452AAEF80900738CA8 /* Assets.xcassets */; };
		750E00492AAEF80900738CA8 /* Preview Assets.xcassets in Resources */ = {isa = PBXBuildFile; fileRef = 750E00482AAEF80900738CA8 /* Preview Assets.xcassets */; };
		752C75692B90544B00ABD289 /* MeetingHeaderView.swift in Sources */ = {isa = PBXBuildFile; fileRef = 752C75682B90544B00ABD289 /* MeetingHeaderView.swift */; };
		752C756B2B90779A00ABD289 /* ScrumProgressViewStyle.swift in Sources */ = {isa = PBXBuildFile; fileRef = 752C756A2B90779A00ABD289 /* ScrumProgressViewStyle.swift */; };
		75556BDA2ABBF66F00A5E38F /* DetailView.swift in Sources */ = {isa = PBXBuildFile; fileRef = 75556BD92ABBF66F00A5E38F /* DetailView.swift */; };
		75556BDC2ABC08BA00A5E38F /* DetailEditView.swift in Sources */ = {isa = PBXBuildFile; fileRef = 75556BDB2ABC08BA00A5E38F /* DetailEditView.swift */; };
		755E560E2ABAE85B003E0718 /* ScrumsView.swift in Sources */ = {isa = PBXBuildFile; fileRef = 755E560D2ABAE85B003E0718 /* ScrumsView.swift */; };
		756981B92AC138B10075CF5B /* ThemeView.swift in Sources */ = {isa = PBXBuildFile; fileRef = 756981B82AC138B10075CF5B /* ThemeView.swift */; };
		756981BB2AC13BFF0075CF5B /* ThemePicker.swift in Sources */ = {isa = PBXBuildFile; fileRef = 756981BA2AC13BFF0075CF5B /* ThemePicker.swift */; };
		757E13162AB4394F007CBAB4 /* Theme.swift in Sources */ = {isa = PBXBuildFile; fileRef = 757E13152AB4394F007CBAB4 /* Theme.swift */; };
		757E13182AB43B4D007CBAB4 /* DailyScrum.swift in Sources */ = {isa = PBXBuildFile; fileRef = 757E13172AB43B4D007CBAB4 /* DailyScrum.swift */; };
		757E131A2AB43CE1007CBAB4 /* CardView.swift in Sources */ = {isa = PBXBuildFile; fileRef = 757E13192AB43CE1007CBAB4 /* CardView.swift */; };
		757E131C2AB443B4007CBAB4 /* TrailingIconLabelStyle.swift in Sources */ = {isa = PBXBuildFile; fileRef = 757E131B2AB443B4007CBAB4 /* TrailingIconLabelStyle.swift */; };
/* End PBXBuildFile section */

/* Begin PBXFileReference section */
		750E003E2AAEF80800738CA8 /* Scrumdinger.app */ = {isa = PBXFileReference; explicitFileType = wrapper.application; includeInIndex = 0; path = Scrumdinger.app; sourceTree = BUILT_PRODUCTS_DIR; };
		750E00412AAEF80800738CA8 /* ScrumdingerApp.swift */ = {isa = PBXFileReference; lastKnownFileType = sourcecode.swift; path = ScrumdingerApp.swift; sourceTree = "<group>"; };
		750E00432AAEF80800738CA8 /* MeetingView.swift */ = {isa = PBXFileReference; lastKnownFileType = sourcecode.swift; path = MeetingView.swift; sourceTree = "<group>"; };
		750E00452AAEF80900738CA8 /* Assets.xcassets */ = {isa = PBXFileReference; lastKnownFileType = folder.assetcatalog; path = Assets.xcassets; sourceTree = "<group>"; };
		750E00482AAEF80900738CA8 /* Preview Assets.xcassets */ = {isa = PBXFileReference; lastKnownFileType = folder.assetcatalog; path = "Preview Assets.xcassets"; sourceTree = "<group>"; };
		752C75682B90544B00ABD289 /* MeetingHeaderView.swift */ = {isa = PBXFileReference; lastKnownFileType = sourcecode.swift; path = MeetingHeaderView.swift; sourceTree = "<group>"; };
		752C756A2B90779A00ABD289 /* ScrumProgressViewStyle.swift */ = {isa = PBXFileReference; lastKnownFileType = sourcecode.swift; path = ScrumProgressViewStyle.swift; sourceTree = "<group>"; };
		75556BD92ABBF66F00A5E38F /* DetailView.swift */ = {isa = PBXFileReference; lastKnownFileType = sourcecode.swift; path = DetailView.swift; sourceTree = "<group>"; };
		75556BDB2ABC08BA00A5E38F /* DetailEditView.swift */ = {isa = PBXFileReference; lastKnownFileType = sourcecode.swift; path = DetailEditView.swift; sourceTree = "<group>"; };
		755E560D2ABAE85B003E0718 /* ScrumsView.swift */ = {isa = PBXFileReference; lastKnownFileType = sourcecode.swift; path = ScrumsView.swift; sourceTree = "<group>"; };
		756981B82AC138B10075CF5B /* ThemeView.swift */ = {isa = PBXFileReference; lastKnownFileType = sourcecode.swift; path = ThemeView.swift; sourceTree = "<group>"; };
		756981BA2AC13BFF0075CF5B /* ThemePicker.swift */ = {isa = PBXFileReference; lastKnownFileType = sourcecode.swift; name = ThemePicker.swift; path = Scrumdinger/ThemePicker.swift; sourceTree = SOURCE_ROOT; };
		757E13152AB4394F007CBAB4 /* Theme.swift */ = {isa = PBXFileReference; lastKnownFileType = sourcecode.swift; path = Theme.swift; sourceTree = "<group>"; };
		757E13172AB43B4D007CBAB4 /* DailyScrum.swift */ = {isa = PBXFileReference; lastKnownFileType = sourcecode.swift; path = DailyScrum.swift; sourceTree = "<group>"; };
		757E13192AB43CE1007CBAB4 /* CardView.swift */ = {isa = PBXFileReference; lastKnownFileType = sourcecode.swift; path = CardView.swift; sourceTree = "<group>"; };
		757E131B2AB443B4007CBAB4 /* TrailingIconLabelStyle.swift */ = {isa = PBXFileReference; lastKnownFileType = sourcecode.swift; path = TrailingIconLabelStyle.swift; sourceTree = "<group>"; };
/* End PBXFileReference section */

/* Begin PBXFrameworksBuildPhase section */
		750E003B2AAEF80800738CA8 /* Frameworks */ = {
			isa = PBXFrameworksBuildPhase;
			buildActionMask = 2147483647;
			files = (
			);
			runOnlyForDeploymentPostprocessing = 0;
		};
/* End PBXFrameworksBuildPhase section */

/* Begin PBXGroup section */
		750E00352AAEF80800738CA8 = {
			isa = PBXGroup;
			children = (
				750E00402AAEF80800738CA8 /* Scrumdinger */,
				750E003F2AAEF80800738CA8 /* Products */,
			);
			sourceTree = "<group>";
		};
		750E003F2AAEF80800738CA8 /* Products */ = {
			isa = PBXGroup;
			children = (
				750E003E2AAEF80800738CA8 /* Scrumdinger.app */,
			);
			name = Products;
			sourceTree = "<group>";
		};
		750E00402AAEF80800738CA8 /* Scrumdinger */ = {
			isa = PBXGroup;
			children = (
				757E13142AB4393C007CBAB4 /* Models */,
				750E00412AAEF80800738CA8 /* ScrumdingerApp.swift */,
				7577C8952ABAF39D00C1E2EF /* Views */,
				750E00452AAEF80900738CA8 /* Assets.xcassets */,
				750E00472AAEF80900738CA8 /* Preview Content */,
			);
			path = Scrumdinger;
			sourceTree = "<group>";
		};
		750E00472AAEF80900738CA8 /* Preview Content */ = {
			isa = PBXGroup;
			children = (
				750E00482AAEF80900738CA8 /* Preview Assets.xcassets */,
			);
			path = "Preview Content";
			sourceTree = "<group>";
		};
		7577C8952ABAF39D00C1E2EF /* Views */ = {
			isa = PBXGroup;
			children = (
				756981BA2AC13BFF0075CF5B /* ThemePicker.swift */,
				750E00432AAEF80800738CA8 /* MeetingView.swift */,
				752C75682B90544B00ABD289 /* MeetingHeaderView.swift */,
				757E13192AB43CE1007CBAB4 /* CardView.swift */,
				757E131B2AB443B4007CBAB4 /* TrailingIconLabelStyle.swift */,
				755E560D2ABAE85B003E0718 /* ScrumsView.swift */,
				75556BD92ABBF66F00A5E38F /* DetailView.swift */,
				75556BDB2ABC08BA00A5E38F /* DetailEditView.swift */,
				756981B82AC138B10075CF5B /* ThemeView.swift */,
				752C756A2B90779A00ABD289 /* ScrumProgressViewStyle.swift */,
			);
			path = Views;
			sourceTree = "<group>";
		};
		757E13142AB4393C007CBAB4 /* Models */ = {
			isa = PBXGroup;
			children = (
				757E13152AB4394F007CBAB4 /* Theme.swift */,
				757E13172AB43B4D007CBAB4 /* DailyScrum.swift */,
			);
			path = Models;
			sourceTree = "<group>";
		};
/* End PBXGroup section */

/* Begin PBXNativeTarget section */
		750E003D2AAEF80800738CA8 /* Scrumdinger */ = {
			isa = PBXNativeTarget;
			buildConfigurationList = 750E004C2AAEF80900738CA8 /* Build configuration list for PBXNativeTarget "Scrumdinger" */;
			buildPhases = (
				750E003A2AAEF80800738CA8 /* Sources */,
				750E003B2AAEF80800738CA8 /* Frameworks */,
				750E003C2AAEF80800738CA8 /* Resources */,
			);
			buildRules = (
			);
			dependencies = (
			);
			name = Scrumdinger;
			productName = Scrumdinger;
			productReference = 750E003E2AAEF80800738CA8 /* Scrumdinger.app */;
			productType = "com.apple.product-type.application";
		};
/* End PBXNativeTarget section */

/* Begin PBXProject section */
		750E00362AAEF80800738CA8 /* Project object */ = {
			isa = PBXProject;
			attributes = {
				BuildIndependentTargetsInParallel = 1;
				LastSwiftUpdateCheck = 1430;
				LastUpgradeCheck = 1520;
				TargetAttributes = {
					750E003D2AAEF80800738CA8 = {
						CreatedOnToolsVersion = 14.3.1;
					};
				};
			};
			buildConfigurationList = 750E00392AAEF80800738CA8 /* Build configuration list for PBXProject "Scrumdinger" */;
			compatibilityVersion = "Xcode 14.0";
			developmentRegion = en;
			hasScannedForEncodings = 0;
			knownRegions = (
				en,
				Base,
			);
			mainGroup = 750E00352AAEF80800738CA8;
			productRefGroup = 750E003F2AAEF80800738CA8 /* Products */;
			projectDirPath = "";
			projectRoot = "";
			targets = (
				750E003D2AAEF80800738CA8 /* Scrumdinger */,
			);
		};
/* End PBXProject section */

/* Begin PBXResourcesBuildPhase section */
		750E003C2AAEF80800738CA8 /* Resources */ = {
			isa = PBXResourcesBuildPhase;
			buildActionMask = 2147483647;
			files = (
				750E00492AAEF80900738CA8 /* Preview Assets.xcassets in Resources */,
				750E00462AAEF80900738CA8 /* Assets.xcassets in Resources */,
			);
			runOnlyForDeploymentPostprocessing = 0;
		};
/* End PBXResourcesBuildPhase section */

/* Begin PBXSourcesBuildPhase section */
		750E003A2AAEF80800738CA8 /* Sources */ = {
			isa = PBXSourcesBuildPhase;
			buildActionMask = 2147483647;
			files = (
				756981BB2AC13BFF0075CF5B /* ThemePicker.swift in Sources */,
				752C756B2B90779A00ABD289 /* ScrumProgressViewStyle.swift in Sources */,
				757E13182AB43B4D007CBAB4 /* DailyScrum.swift in Sources */,
				75556BDA2ABBF66F00A5E38F /* DetailView.swift in Sources */,
				752C75692B90544B00ABD289 /* MeetingHeaderView.swift in Sources */,
				75556BDC2ABC08BA00A5E38F /* DetailEditView.swift in Sources */,
				757E131C2AB443B4007CBAB4 /* TrailingIconLabelStyle.swift in Sources */,
				757E13162AB4394F007CBAB4 /* Theme.swift in Sources */,
				755E560E2ABAE85B003E0718 /* ScrumsView.swift in Sources */,
				750E00442AAEF80800738CA8 /* MeetingView.swift in Sources */,
				750E00422AAEF80800738CA8 /* ScrumdingerApp.swift in Sources */,
				756981B92AC138B10075CF5B /* ThemeView.swift in Sources */,
				757E131A2AB43CE1007CBAB4 /* CardView.swift in Sources */,
			);
			runOnlyForDeploymentPostprocessing = 0;
		};
/* End PBXSourcesBuildPhase section */

/* Begin XCBuildConfiguration section */
		750E004A2AAEF80900738CA8 /* Debug */ = {
			isa = XCBuildConfiguration;
			buildSettings = {
				ALWAYS_SEARCH_USER_PATHS = NO;
				ASSETCATALOG_COMPILER_GENERATE_SWIFT_ASSET_SYMBOL_EXTENSIONS = YES;
				CLANG_ANALYZER_NONNULL = YES;
				CLANG_ANALYZER_NUMBER_OBJECT_CONVERSION = YES_AGGRESSIVE;
				CLANG_CXX_LANGUAGE_STANDARD = "gnu++20";
				CLANG_ENABLE_MODULES = YES;
				CLANG_ENABLE_OBJC_ARC = YES;
				CLANG_ENABLE_OBJC_WEAK = YES;
				CLANG_WARN_BLOCK_CAPTURE_AUTORELEASING = YES;
				CLANG_WARN_BOOL_CONVERSION = YES;
				CLANG_WARN_COMMA = YES;
				CLANG_WARN_CONSTANT_CONVERSION = YES;
				CLANG_WARN_DEPRECATED_OBJC_IMPLEMENTATIONS = YES;
				CLANG_WARN_DIRECT_OBJC_ISA_USAGE = YES_ERROR;
				CLANG_WARN_DOCUMENTATION_COMMENTS = YES;
				CLANG_WARN_EMPTY_BODY = YES;
				CLANG_WARN_ENUM_CONVERSION = YES;
				CLANG_WARN_INFINITE_RECURSION = YES;
				CLANG_WARN_INT_CONVERSION = YES;
				CLANG_WARN_NON_LITERAL_NULL_CONVERSION = YES;
				CLANG_WARN_OBJC_IMPLICIT_RETAIN_SELF = YES;
				CLANG_WARN_OBJC_LITERAL_CONVERSION = YES;
				CLANG_WARN_OBJC_ROOT_CLASS = YES_ERROR;
				CLANG_WARN_QUOTED_INCLUDE_IN_FRAMEWORK_HEADER = YES;
				CLANG_WARN_RANGE_LOOP_ANALYSIS = YES;
				CLANG_WARN_STRICT_PROTOTYPES = YES;
				CLANG_WARN_SUSPICIOUS_MOVE = YES;
				CLANG_WARN_UNGUARDED_AVAILABILITY = YES_AGGRESSIVE;
				CLANG_WARN_UNREACHABLE_CODE = YES;
				CLANG_WARN__DUPLICATE_METHOD_MATCH = YES;
				COPY_PHASE_STRIP = NO;
				DEBUG_INFORMATION_FORMAT = dwarf;
				ENABLE_STRICT_OBJC_MSGSEND = YES;
				ENABLE_TESTABILITY = YES;
				ENABLE_USER_SCRIPT_SANDBOXING = YES;
				GCC_C_LANGUAGE_STANDARD = gnu11;
				GCC_DYNAMIC_NO_PIC = NO;
				GCC_NO_COMMON_BLOCKS = YES;
				GCC_OPTIMIZATION_LEVEL = 0;
				GCC_PREPROCESSOR_DEFINITIONS = (
					"DEBUG=1",
					"$(inherited)",
				);
				GCC_WARN_64_TO_32_BIT_CONVERSION = YES;
				GCC_WARN_ABOUT_RETURN_TYPE = YES_ERROR;
				GCC_WARN_UNDECLARED_SELECTOR = YES;
				GCC_WARN_UNINITIALIZED_AUTOS = YES_AGGRESSIVE;
				GCC_WARN_UNUSED_FUNCTION = YES;
				GCC_WARN_UNUSED_VARIABLE = YES;
				IPHONEOS_DEPLOYMENT_TARGET = 16.4;
				MTL_ENABLE_DEBUG_INFO = INCLUDE_SOURCE;
				MTL_FAST_MATH = YES;
				ONLY_ACTIVE_ARCH = YES;
				SDKROOT = iphoneos;
				SWIFT_ACTIVE_COMPILATION_CONDITIONS = DEBUG;
				SWIFT_OPTIMIZATION_LEVEL = "-Onone";
			};
			name = Debug;
		};
		750E004B2AAEF80900738CA8 /* Release */ = {
			isa = XCBuildConfiguration;
			buildSettings = {
				ALWAYS_SEARCH_USER_PATHS = NO;
				ASSETCATALOG_COMPILER_GENERATE_SWIFT_ASSET_SYMBOL_EXTENSIONS = YES;
				CLANG_ANALYZER_NONNULL = YES;
				CLANG_ANALYZER_NUMBER_OBJECT_CONVERSION = YES_AGGRESSIVE;
				CLANG_CXX_LANGUAGE_STANDARD = "gnu++20";
				CLANG_ENABLE_MODULES = YES;
				CLANG_ENABLE_OBJC_ARC = YES;
				CLANG_ENABLE_OBJC_WEAK = YES;
				CLANG_WARN_BLOCK_CAPTURE_AUTORELEASING = YES;
				CLANG_WARN_BOOL_CONVERSION = YES;
				CLANG_WARN_COMMA = YES;
				CLANG_WARN_CONSTANT_CONVERSION = YES;
				CLANG_WARN_DEPRECATED_OBJC_IMPLEMENTATIONS = YES;
				CLANG_WARN_DIRECT_OBJC_ISA_USAGE = YES_ERROR;
				CLANG_WARN_DOCUMENTATION_COMMENTS = YES;
				CLANG_WARN_EMPTY_BODY = YES;
				CLANG_WARN_ENUM_CONVERSION = YES;
				CLANG_WARN_INFINITE_RECURSION = YES;
				CLANG_WARN_INT_CONVERSION = YES;
				CLANG_WARN_NON_LITERAL_NULL_CONVERSION = YES;
				CLANG_WARN_OBJC_IMPLICIT_RETAIN_SELF = YES;
				CLANG_WARN_OBJC_LITERAL_CONVERSION = YES;
				CLANG_WARN_OBJC_ROOT_CLASS = YES_ERROR;
				CLANG_WARN_QUOTED_INCLUDE_IN_FRAMEWORK_HEADER = YES;
				CLANG_WARN_RANGE_LOOP_ANALYSIS = YES;
				CLANG_WARN_STRICT_PROTOTYPES = YES;
				CLANG_WARN_SUSPICIOUS_MOVE = YES;
				CLANG_WARN_UNGUARDED_AVAILABILITY = YES_AGGRESSIVE;
				CLANG_WARN_UNREACHABLE_CODE = YES;
				CLANG_WARN__DUPLICATE_METHOD_MATCH = YES;
				COPY_PHASE_STRIP = NO;
				DEBUG_INFORMATION_FORMAT = "dwarf-with-dsym";
				ENABLE_NS_ASSERTIONS = NO;
				ENABLE_STRICT_OBJC_MSGSEND = YES;
				ENABLE_USER_SCRIPT_SANDBOXING = YES;
				GCC_C_LANGUAGE_STANDARD = gnu11;
				GCC_NO_COMMON_BLOCKS = YES;
				GCC_WARN_64_TO_32_BIT_CONVERSION = YES;
				GCC_WARN_ABOUT_RETURN_TYPE = YES_ERROR;
				GCC_WARN_UNDECLARED_SELECTOR = YES;
				GCC_WARN_UNINITIALIZED_AUTOS = YES_AGGRESSIVE;
				GCC_WARN_UNUSED_FUNCTION = YES;
				GCC_WARN_UNUSED_VARIABLE = YES;
				IPHONEOS_DEPLOYMENT_TARGET = 16.4;
				MTL_ENABLE_DEBUG_INFO = NO;
				MTL_FAST_MATH = YES;
				SDKROOT = iphoneos;
				SWIFT_COMPILATION_MODE = wholemodule;
				SWIFT_OPTIMIZATION_LEVEL = "-O";
				VALIDATE_PRODUCT = YES;
			};
			name = Release;
		};
		750E004D2AAEF80900738CA8 /* Debug */ = {
			isa = XCBuildConfiguration;
			buildSettings = {
				ASSETCATALOG_COMPILER_APPICON_NAME = AppIcon;
				ASSETCATALOG_COMPILER_GLOBAL_ACCENT_COLOR_NAME = AccentColor;
				CODE_SIGN_STYLE = Automatic;
				CURRENT_PROJECT_VERSION = 1;
				DEVELOPMENT_ASSET_PATHS = "\"Scrumdinger/Preview Content\"";
				DEVELOPMENT_TEAM = H27JM57C3W;
				ENABLE_PREVIEWS = YES;
				GENERATE_INFOPLIST_FILE = YES;
				INFOPLIST_KEY_UIApplicationSceneManifest_Generation = YES;
				INFOPLIST_KEY_UIApplicationSupportsIndirectInputEvents = YES;
				INFOPLIST_KEY_UILaunchScreen_Generation = YES;
				INFOPLIST_KEY_UISupportedInterfaceOrientations_iPad = "UIInterfaceOrientationPortrait UIInterfaceOrientationPortraitUpsideDown UIInterfaceOrientationLandscapeLeft UIInterfaceOrientationLandscapeRight";
				INFOPLIST_KEY_UISupportedInterfaceOrientations_iPhone = "UIInterfaceOrientationPortrait UIInterfaceOrientationLandscapeLeft UIInterfaceOrientationLandscapeRight";
				LD_RUNPATH_SEARCH_PATHS = (
					"$(inherited)",
					"@executable_path/Frameworks",
				);
				MARKETING_VERSION = 1.0;
				PRODUCT_BUNDLE_IDENTIFIER = ritalindeveloper.Scrumdinger;
				PRODUCT_NAME = "$(TARGET_NAME)";
				SWIFT_EMIT_LOC_STRINGS = YES;
				SWIFT_VERSION = 5.0;
				TARGETED_DEVICE_FAMILY = "1,2";
			};
			name = Debug;
		};
		750E004E2AAEF80900738CA8 /* Release */ = {
			isa = XCBuildConfiguration;
			buildSettings = {
				ASSETCATALOG_COMPILER_APPICON_NAME = AppIcon;
				ASSETCATALOG_COMPILER_GLOBAL_ACCENT_COLOR_NAME = AccentColor;
				CODE_SIGN_STYLE = Automatic;
				CURRENT_PROJECT_VERSION = 1;
				DEVELOPMENT_ASSET_PATHS = "\"Scrumdinger/Preview Content\"";
				DEVELOPMENT_TEAM = H27JM57C3W;
				ENABLE_PREVIEWS = YES;
				GENERATE_INFOPLIST_FILE = YES;
				INFOPLIST_KEY_UIApplicationSceneManifest_Generation = YES;
				INFOPLIST_KEY_UIApplicationSupportsIndirectInputEvents = YES;
				INFOPLIST_KEY_UILaunchScreen_Generation = YES;
				INFOPLIST_KEY_UISupportedInterfaceOrientations_iPad = "UIInterfaceOrientationPortrait UIInterfaceOrientationPortraitUpsideDown UIInterfaceOrientationLandscapeLeft UIInterfaceOrientationLandscapeRight";
				INFOPLIST_KEY_UISupportedInterfaceOrientations_iPhone = "UIInterfaceOrientationPortrait UIInterfaceOrientationLandscapeLeft UIInterfaceOrientationLandscapeRight";
				LD_RUNPATH_SEARCH_PATHS = (
					"$(inherited)",
					"@executable_path/Frameworks",
				);
				MARKETING_VERSION = 1.0;
				PRODUCT_BUNDLE_IDENTIFIER = ritalindeveloper.Scrumdinger;
				PRODUCT_NAME = "$(TARGET_NAME)";
				SWIFT_EMIT_LOC_STRINGS = YES;
				SWIFT_VERSION = 5.0;
				TARGETED_DEVICE_FAMILY = "1,2";
			};
			name = Release;
		};
/* End XCBuildConfiguration section */

/* Begin XCConfigurationList section */
		750E00392AAEF80800738CA8 /* Build configuration list for PBXProject "Scrumdinger" */ = {
			isa = XCConfigurationList;
			buildConfigurations = (
				750E004A2AAEF80900738CA8 /* Debug */,
				750E004B2AAEF80900738CA8 /* Release */,
			);
			defaultConfigurationIsVisible = 0;
			defaultConfigurationName = Release;
		};
		750E004C2AAEF80900738CA8 /* Build configuration list for PBXNativeTarget "Scrumdinger" */ = {
			isa = XCConfigurationList;
			buildConfigurations = (
				750E004D2AAEF80900738CA8 /* Debug */,
				750E004E2AAEF80900738CA8 /* Release */,
			);
			defaultConfigurationIsVisible = 0;
			defaultConfigurationName = Release;
		};
/* End XCConfigurationList section */
	};
	rootObject = 750E00362AAEF80800738CA8 /* Project object */;
}
